// !$*UTF8*$!
{
	archiveVersion = 1;
	classes = {
	};
	objectVersion = 55;
	objects = {

/* Begin PBXBuildFile section */
		E2016FE727D9E13200C0A9F1 /* CashManager.swift in Sources */ = {isa = PBXBuildFile; fileRef = E2016FE627D9E13200C0A9F1 /* CashManager.swift */; };
		E2016FE927D9E2BA00C0A9F1 /* SecurityCodeChecker.swift in Sources */ = {isa = PBXBuildFile; fileRef = E2016FE827D9E2BA00C0A9F1 /* SecurityCodeChecker.swift */; };
		E2016FEB27D9E36C00C0A9F1 /* AccountChecker.swift in Sources */ = {isa = PBXBuildFile; fileRef = E2016FEA27D9E36C00C0A9F1 /* AccountChecker.swift */; };
		E2016FEE27D9E6A000C0A9F1 /* Ticket.swift in Sources */ = {isa = PBXBuildFile; fileRef = E2016FED27D9E6A000C0A9F1 /* Ticket.swift */; };
		E2016FF027D9E6D900C0A9F1 /* QuarterDiscountStrategy.swift in Sources */ = {isa = PBXBuildFile; fileRef = E2016FEF27D9E6D900C0A9F1 /* QuarterDiscountStrategy.swift */; };
		E2016FF227D9E71700C0A9F1 /* NoDiscountStrategy.swift in Sources */ = {isa = PBXBuildFile; fileRef = E2016FF127D9E71700C0A9F1 /* NoDiscountStrategy.swift */; };
		E2016FF427D9E73E00C0A9F1 /* HalfDiscountStrategy.swift in Sources */ = {isa = PBXBuildFile; fileRef = E2016FF327D9E73E00C0A9F1 /* HalfDiscountStrategy.swift */; };
		E2016FF627D9E75D00C0A9F1 /* IpromoteStrategy.swift in Sources */ = {isa = PBXBuildFile; fileRef = E2016FF527D9E75D00C0A9F1 /* IpromoteStrategy.swift */; };
		E2016FF827D9E7A300C0A9F1 /* EightyDiscountStrategy.swift in Sources */ = {isa = PBXBuildFile; fileRef = E2016FF727D9E7A300C0A9F1 /* EightyDiscountStrategy.swift */; };
		E2016FFB27D9ECFA00C0A9F1 /* BuilderPattern.swift in Sources */ = {isa = PBXBuildFile; fileRef = E2016FFA27D9ECFA00C0A9F1 /* BuilderPattern.swift */; };
		E2016FFD27D9EDCE00C0A9F1 /* ICarBuilder.swift in Sources */ = {isa = PBXBuildFile; fileRef = E2016FFC27D9EDCE00C0A9F1 /* ICarBuilder.swift */; };
		E201700027D9EE9E00C0A9F1 /* Engine.swift in Sources */ = {isa = PBXBuildFile; fileRef = E2016FFF27D9EE9E00C0A9F1 /* Engine.swift */; };
		E201700227D9EF2000C0A9F1 /* SeatBelt.swift in Sources */ = {isa = PBXBuildFile; fileRef = E201700127D9EF2000C0A9F1 /* SeatBelt.swift */; };
		E201700427D9EFA600C0A9F1 /* Windscreen.swift in Sources */ = {isa = PBXBuildFile; fileRef = E201700327D9EFA600C0A9F1 /* Windscreen.swift */; };
		E201700627D9F0CE00C0A9F1 /* CarBuilder.swift in Sources */ = {isa = PBXBuildFile; fileRef = E201700527D9F0CE00C0A9F1 /* CarBuilder.swift */; };
		E201700827D9F20400C0A9F1 /* Car.swift in Sources */ = {isa = PBXBuildFile; fileRef = E201700727D9F20400C0A9F1 /* Car.swift */; };
		E201700B27D9FB0200C0A9F1 /* ThanhSingleton.swift in Sources */ = {isa = PBXBuildFile; fileRef = E201700A27D9FB0200C0A9F1 /* ThanhSingleton.swift */; };
		E201700E27DA063800C0A9F1 /* ICommand.swift in Sources */ = {isa = PBXBuildFile; fileRef = E201700D27DA063800C0A9F1 /* ICommand.swift */; };
		E201701027DA067900C0A9F1 /* Remote.swift in Sources */ = {isa = PBXBuildFile; fileRef = E201700F27DA067900C0A9F1 /* Remote.swift */; };
		E201701227DA06E500C0A9F1 /* TurnOffCommand.swift in Sources */ = {isa = PBXBuildFile; fileRef = E201701127DA06E500C0A9F1 /* TurnOffCommand.swift */; };
		E201701427DA072B00C0A9F1 /* Fan.swift in Sources */ = {isa = PBXBuildFile; fileRef = E201701327DA072B00C0A9F1 /* Fan.swift */; };
		E201701627DA07E200C0A9F1 /* TurnOnCommand .swift in Sources */ = {isa = PBXBuildFile; fileRef = E201701527DA07E200C0A9F1 /* TurnOnCommand .swift */; };
		E201701827DA082700C0A9F1 /* CommandPattern.swift in Sources */ = {isa = PBXBuildFile; fileRef = E201701727DA082700C0A9F1 /* CommandPattern.swift */; };
		E24C6AED27D9DC30005432D9 /* Bubble.swift in Sources */ = {isa = PBXBuildFile; fileRef = E24C6ADF27D9DC30005432D9 /* Bubble.swift */; };
		E24C6AEE27D9DC30005432D9 /* FruitPudding.swift in Sources */ = {isa = PBXBuildFile; fileRef = E24C6AE027D9DC30005432D9 /* FruitPudding.swift */; };
		E24C6AEF27D9DC30005432D9 /* WhiteBubble.swift in Sources */ = {isa = PBXBuildFile; fileRef = E24C6AE127D9DC30005432D9 /* WhiteBubble.swift */; };
		E24C6AF027D9DC30005432D9 /* BlackSugar.swift in Sources */ = {isa = PBXBuildFile; fileRef = E24C6AE227D9DC30005432D9 /* BlackSugar.swift */; };
		E24C6AF127D9DC30005432D9 /* EggPudding.swift in Sources */ = {isa = PBXBuildFile; fileRef = E24C6AE327D9DC30005432D9 /* EggPudding.swift */; };
		E24C6AF227D9DC30005432D9 /* MilkTeaDecorator.swift in Sources */ = {isa = PBXBuildFile; fileRef = E24C6AE527D9DC30005432D9 /* MilkTeaDecorator.swift */; };
		E24C6AF327D9DC30005432D9 /* IMilkTea.swift in Sources */ = {isa = PBXBuildFile; fileRef = E24C6AE627D9DC30005432D9 /* IMilkTea.swift */; };
		E24C6AF427D9DC30005432D9 /* MilkTea.swift in Sources */ = {isa = PBXBuildFile; fileRef = E24C6AE727D9DC30005432D9 /* MilkTea.swift */; };
		E24C6AF527D9DC30005432D9 /* BankAccountFacade.swift in Sources */ = {isa = PBXBuildFile; fileRef = E24C6AE927D9DC30005432D9 /* BankAccountFacade.swift */; };
		E24C6AF627D9DC30005432D9 /* FacadePattern.swift in Sources */ = {isa = PBXBuildFile; fileRef = E24C6AEA27D9DC30005432D9 /* FacadePattern.swift */; };
		E24C6AF727D9DC30005432D9 /* AdapterPattern.swift in Sources */ = {isa = PBXBuildFile; fileRef = E24C6AEC27D9DC30005432D9 /* AdapterPattern.swift */; };
		E26092B527D9D907002074CA /* FourLegsAnimalFactory.swift in Sources */ = {isa = PBXBuildFile; fileRef = E26092A527D9D907002074CA /* FourLegsAnimalFactory.swift */; };
		E26092B627D9D907002074CA /* TwoLegsAnimalFactory.swift in Sources */ = {isa = PBXBuildFile; fileRef = E26092A627D9D907002074CA /* TwoLegsAnimalFactory.swift */; };
		E26092B727D9D907002074CA /* AbstractAnimalFactory.swift in Sources */ = {isa = PBXBuildFile; fileRef = E26092A727D9D907002074CA /* AbstractAnimalFactory.swift */; };
		E26092B827D9D907002074CA /* Dog.swift in Sources */ = {isa = PBXBuildFile; fileRef = E26092A927D9D907002074CA /* Dog.swift */; };
		E26092B927D9D907002074CA /* Chicken.swift in Sources */ = {isa = PBXBuildFile; fileRef = E26092AA27D9D907002074CA /* Chicken.swift */; };
		E26092BA27D9D907002074CA /* IAnimal.swift in Sources */ = {isa = PBXBuildFile; fileRef = E26092AB27D9D907002074CA /* IAnimal.swift */; };
		E26092BB27D9D907002074CA /* Duck.swift in Sources */ = {isa = PBXBuildFile; fileRef = E26092AC27D9D907002074CA /* Duck.swift */; };
		E26092BC27D9D907002074CA /* Cat.swift in Sources */ = {isa = PBXBuildFile; fileRef = E26092AD27D9D907002074CA /* Cat.swift */; };
		E26092BD27D9D907002074CA /* FourLegsAnimal.swift in Sources */ = {isa = PBXBuildFile; fileRef = E26092AE27D9D907002074CA /* FourLegsAnimal.swift */; };
		E26092BE27D9D907002074CA /* TwoLegsAnimal.swift in Sources */ = {isa = PBXBuildFile; fileRef = E26092AF27D9D907002074CA /* TwoLegsAnimal.swift */; };
		E26092BF27D9D907002074CA /* RandomAnimalFactory.swift in Sources */ = {isa = PBXBuildFile; fileRef = E26092B127D9D907002074CA /* RandomAnimalFactory.swift */; };
		E26092C027D9D907002074CA /* IAnimalFactory.swift in Sources */ = {isa = PBXBuildFile; fileRef = E26092B227D9D907002074CA /* IAnimalFactory.swift */; };
		E26092C127D9D907002074CA /* BasicAnimalFactory.swift in Sources */ = {isa = PBXBuildFile; fileRef = E26092B327D9D907002074CA /* BasicAnimalFactory.swift */; };
		E26092C227D9D907002074CA /* FactoryMethod.swift in Sources */ = {isa = PBXBuildFile; fileRef = E26092B427D9D907002074CA /* FactoryMethod.swift */; };
		E288E0CC27D9D49B00F42E23 /* AppDelegate.swift in Sources */ = {isa = PBXBuildFile; fileRef = E288E0CB27D9D49B00F42E23 /* AppDelegate.swift */; };
		E288E0CE27D9D49B00F42E23 /* SceneDelegate.swift in Sources */ = {isa = PBXBuildFile; fileRef = E288E0CD27D9D49B00F42E23 /* SceneDelegate.swift */; };
		E288E0D027D9D49B00F42E23 /* ViewController.swift in Sources */ = {isa = PBXBuildFile; fileRef = E288E0CF27D9D49B00F42E23 /* ViewController.swift */; };
		E288E0D327D9D49B00F42E23 /* Main.storyboard in Resources */ = {isa = PBXBuildFile; fileRef = E288E0D127D9D49B00F42E23 /* Main.storyboard */; };
		E288E0D527D9D49D00F42E23 /* Assets.xcassets in Resources */ = {isa = PBXBuildFile; fileRef = E288E0D427D9D49D00F42E23 /* Assets.xcassets */; };
		E288E0D827D9D49D00F42E23 /* LaunchScreen.storyboard in Resources */ = {isa = PBXBuildFile; fileRef = E288E0D627D9D49D00F42E23 /* LaunchScreen.storyboard */; };
		E288E0E527D9D4B300F42E23 /* Subject.swift in Sources */ = {isa = PBXBuildFile; fileRef = E288E0E227D9D4B300F42E23 /* Subject.swift */; };
		E288E0E627D9D4B300F42E23 /* IObserver.swift in Sources */ = {isa = PBXBuildFile; fileRef = E288E0E327D9D4B300F42E23 /* IObserver.swift */; };
		E288E0E727D9D4B300F42E23 /* StrategyPattern.swift in Sources */ = {isa = PBXBuildFile; fileRef = E288E0E427D9D4B300F42E23 /* StrategyPattern.swift */; };
		E296C63727DADA96008316FD /* Ishape.swift in Sources */ = {isa = PBXBuildFile; fileRef = E296C63627DADA96008316FD /* Ishape.swift */; };
		E296C63927DADABC008316FD /* LegacyRectangle.swift in Sources */ = {isa = PBXBuildFile; fileRef = E296C63827DADABC008316FD /* LegacyRectangle.swift */; };
		E296C63B27DADAF6008316FD /* LegacyLine.swift in Sources */ = {isa = PBXBuildFile; fileRef = E296C63A27DADAF6008316FD /* LegacyLine.swift */; };
		E296C63D27DADB15008316FD /* RectangleAdapter.swift in Sources */ = {isa = PBXBuildFile; fileRef = E296C63C27DADB15008316FD /* RectangleAdapter.swift */; };
		E296C63F27DADB32008316FD /* LineAdapter.swift in Sources */ = {isa = PBXBuildFile; fileRef = E296C63E27DADB32008316FD /* LineAdapter.swift */; };
		E296C64227DAE734008316FD /* EmailNotifier.swift in Sources */ = {isa = PBXBuildFile; fileRef = E296C64127DAE734008316FD /* EmailNotifier.swift */; };
		E296C64627DAEBBD008316FD /* FacebookNotifier.swift in Sources */ = {isa = PBXBuildFile; fileRef = E296C64527DAEBBD008316FD /* FacebookNotifier.swift */; };
		E296C64827DAECFC008316FD /* ObserverPattern.swift in Sources */ = {isa = PBXBuildFile; fileRef = E296C64727DAECFC008316FD /* ObserverPattern.swift */; };
/* End PBXBuildFile section */

/* Begin PBXFileReference section */
		E2016FE627D9E13200C0A9F1 /* CashManager.swift */ = {isa = PBXFileReference; lastKnownFileType = sourcecode.swift; path = CashManager.swift; sourceTree = "<group>"; };
		E2016FE827D9E2BA00C0A9F1 /* SecurityCodeChecker.swift */ = {isa = PBXFileReference; lastKnownFileType = sourcecode.swift; path = SecurityCodeChecker.swift; sourceTree = "<group>"; };
		E2016FEA27D9E36C00C0A9F1 /* AccountChecker.swift */ = {isa = PBXFileReference; lastKnownFileType = sourcecode.swift; path = AccountChecker.swift; sourceTree = "<group>"; };
		E2016FED27D9E6A000C0A9F1 /* Ticket.swift */ = {isa = PBXFileReference; lastKnownFileType = sourcecode.swift; path = Ticket.swift; sourceTree = "<group>"; };
		E2016FEF27D9E6D900C0A9F1 /* QuarterDiscountStrategy.swift */ = {isa = PBXFileReference; lastKnownFileType = sourcecode.swift; path = QuarterDiscountStrategy.swift; sourceTree = "<group>"; };
		E2016FF127D9E71700C0A9F1 /* NoDiscountStrategy.swift */ = {isa = PBXFileReference; lastKnownFileType = sourcecode.swift; path = NoDiscountStrategy.swift; sourceTree = "<group>"; };
		E2016FF327D9E73E00C0A9F1 /* HalfDiscountStrategy.swift */ = {isa = PBXFileReference; lastKnownFileType = sourcecode.swift; path = HalfDiscountStrategy.swift; sourceTree = "<group>"; };
		E2016FF527D9E75D00C0A9F1 /* IpromoteStrategy.swift */ = {isa = PBXFileReference; lastKnownFileType = sourcecode.swift; path = IpromoteStrategy.swift; sourceTree = "<group>"; };
		E2016FF727D9E7A300C0A9F1 /* EightyDiscountStrategy.swift */ = {isa = PBXFileReference; lastKnownFileType = sourcecode.swift; path = EightyDiscountStrategy.swift; sourceTree = "<group>"; };
		E2016FFA27D9ECFA00C0A9F1 /* BuilderPattern.swift */ = {isa = PBXFileReference; lastKnownFileType = sourcecode.swift; path = BuilderPattern.swift; sourceTree = "<group>"; };
		E2016FFC27D9EDCE00C0A9F1 /* ICarBuilder.swift */ = {isa = PBXFileReference; lastKnownFileType = sourcecode.swift; path = ICarBuilder.swift; sourceTree = "<group>"; };
		E2016FFF27D9EE9E00C0A9F1 /* Engine.swift */ = {isa = PBXFileReference; lastKnownFileType = sourcecode.swift; path = Engine.swift; sourceTree = "<group>"; };
		E201700127D9EF2000C0A9F1 /* SeatBelt.swift */ = {isa = PBXFileReference; lastKnownFileType = sourcecode.swift; path = SeatBelt.swift; sourceTree = "<group>"; };
		E201700327D9EFA600C0A9F1 /* Windscreen.swift */ = {isa = PBXFileReference; lastKnownFileType = sourcecode.swift; path = Windscreen.swift; sourceTree = "<group>"; };
		E201700527D9F0CE00C0A9F1 /* CarBuilder.swift */ = {isa = PBXFileReference; lastKnownFileType = sourcecode.swift; path = CarBuilder.swift; sourceTree = "<group>"; };
		E201700727D9F20400C0A9F1 /* Car.swift */ = {isa = PBXFileReference; lastKnownFileType = sourcecode.swift; path = Car.swift; sourceTree = "<group>"; };
		E201700A27D9FB0200C0A9F1 /* ThanhSingleton.swift */ = {isa = PBXFileReference; lastKnownFileType = sourcecode.swift; path = ThanhSingleton.swift; sourceTree = "<group>"; };
		E201700D27DA063800C0A9F1 /* ICommand.swift */ = {isa = PBXFileReference; lastKnownFileType = sourcecode.swift; path = ICommand.swift; sourceTree = "<group>"; };
		E201700F27DA067900C0A9F1 /* Remote.swift */ = {isa = PBXFileReference; lastKnownFileType = sourcecode.swift; path = Remote.swift; sourceTree = "<group>"; };
		E201701127DA06E500C0A9F1 /* TurnOffCommand.swift */ = {isa = PBXFileReference; lastKnownFileType = sourcecode.swift; path = TurnOffCommand.swift; sourceTree = "<group>"; };
		E201701327DA072B00C0A9F1 /* Fan.swift */ = {isa = PBXFileReference; lastKnownFileType = sourcecode.swift; path = Fan.swift; sourceTree = "<group>"; };
		E201701527DA07E200C0A9F1 /* TurnOnCommand .swift */ = {isa = PBXFileReference; lastKnownFileType = sourcecode.swift; path = "TurnOnCommand .swift"; sourceTree = "<group>"; };
		E201701727DA082700C0A9F1 /* CommandPattern.swift */ = {isa = PBXFileReference; lastKnownFileType = sourcecode.swift; path = CommandPattern.swift; sourceTree = "<group>"; };
		E24C6ADF27D9DC30005432D9 /* Bubble.swift */ = {isa = PBXFileReference; fileEncoding = 4; lastKnownFileType = sourcecode.swift; path = Bubble.swift; sourceTree = "<group>"; };
		E24C6AE027D9DC30005432D9 /* FruitPudding.swift */ = {isa = PBXFileReference; fileEncoding = 4; lastKnownFileType = sourcecode.swift; path = FruitPudding.swift; sourceTree = "<group>"; };
		E24C6AE127D9DC30005432D9 /* WhiteBubble.swift */ = {isa = PBXFileReference; fileEncoding = 4; lastKnownFileType = sourcecode.swift; path = WhiteBubble.swift; sourceTree = "<group>"; };
		E24C6AE227D9DC30005432D9 /* BlackSugar.swift */ = {isa = PBXFileReference; fileEncoding = 4; lastKnownFileType = sourcecode.swift; path = BlackSugar.swift; sourceTree = "<group>"; };
		E24C6AE327D9DC30005432D9 /* EggPudding.swift */ = {isa = PBXFileReference; fileEncoding = 4; lastKnownFileType = sourcecode.swift; path = EggPudding.swift; sourceTree = "<group>"; };
		E24C6AE527D9DC30005432D9 /* MilkTeaDecorator.swift */ = {isa = PBXFileReference; fileEncoding = 4; lastKnownFileType = sourcecode.swift; path = MilkTeaDecorator.swift; sourceTree = "<group>"; };
		E24C6AE627D9DC30005432D9 /* IMilkTea.swift */ = {isa = PBXFileReference; fileEncoding = 4; lastKnownFileType = sourcecode.swift; path = IMilkTea.swift; sourceTree = "<group>"; };
		E24C6AE727D9DC30005432D9 /* MilkTea.swift */ = {isa = PBXFileReference; fileEncoding = 4; lastKnownFileType = sourcecode.swift; path = MilkTea.swift; sourceTree = "<group>"; };
		E24C6AE927D9DC30005432D9 /* BankAccountFacade.swift */ = {isa = PBXFileReference; fileEncoding = 4; lastKnownFileType = sourcecode.swift; path = BankAccountFacade.swift; sourceTree = "<group>"; };
		E24C6AEA27D9DC30005432D9 /* FacadePattern.swift */ = {isa = PBXFileReference; fileEncoding = 4; lastKnownFileType = sourcecode.swift; path = FacadePattern.swift; sourceTree = "<group>"; };
		E24C6AEC27D9DC30005432D9 /* AdapterPattern.swift */ = {isa = PBXFileReference; fileEncoding = 4; lastKnownFileType = sourcecode.swift; path = AdapterPattern.swift; sourceTree = "<group>"; };
		E26092A527D9D907002074CA /* FourLegsAnimalFactory.swift */ = {isa = PBXFileReference; fileEncoding = 4; lastKnownFileType = sourcecode.swift; path = FourLegsAnimalFactory.swift; sourceTree = "<group>"; };
		E26092A627D9D907002074CA /* TwoLegsAnimalFactory.swift */ = {isa = PBXFileReference; fileEncoding = 4; lastKnownFileType = sourcecode.swift; path = TwoLegsAnimalFactory.swift; sourceTree = "<group>"; };
		E26092A727D9D907002074CA /* AbstractAnimalFactory.swift */ = {isa = PBXFileReference; fileEncoding = 4; lastKnownFileType = sourcecode.swift; path = AbstractAnimalFactory.swift; sourceTree = "<group>"; };
		E26092A927D9D907002074CA /* Dog.swift */ = {isa = PBXFileReference; fileEncoding = 4; lastKnownFileType = sourcecode.swift; path = Dog.swift; sourceTree = "<group>"; };
		E26092AA27D9D907002074CA /* Chicken.swift */ = {isa = PBXFileReference; fileEncoding = 4; lastKnownFileType = sourcecode.swift; path = Chicken.swift; sourceTree = "<group>"; };
		E26092AB27D9D907002074CA /* IAnimal.swift */ = {isa = PBXFileReference; fileEncoding = 4; lastKnownFileType = sourcecode.swift; path = IAnimal.swift; sourceTree = "<group>"; };
		E26092AC27D9D907002074CA /* Duck.swift */ = {isa = PBXFileReference; fileEncoding = 4; lastKnownFileType = sourcecode.swift; path = Duck.swift; sourceTree = "<group>"; };
		E26092AD27D9D907002074CA /* Cat.swift */ = {isa = PBXFileReference; fileEncoding = 4; lastKnownFileType = sourcecode.swift; path = Cat.swift; sourceTree = "<group>"; };
		E26092AE27D9D907002074CA /* FourLegsAnimal.swift */ = {isa = PBXFileReference; fileEncoding = 4; lastKnownFileType = sourcecode.swift; path = FourLegsAnimal.swift; sourceTree = "<group>"; };
		E26092AF27D9D907002074CA /* TwoLegsAnimal.swift */ = {isa = PBXFileReference; fileEncoding = 4; lastKnownFileType = sourcecode.swift; path = TwoLegsAnimal.swift; sourceTree = "<group>"; };
		E26092B127D9D907002074CA /* RandomAnimalFactory.swift */ = {isa = PBXFileReference; fileEncoding = 4; lastKnownFileType = sourcecode.swift; path = RandomAnimalFactory.swift; sourceTree = "<group>"; };
		E26092B227D9D907002074CA /* IAnimalFactory.swift */ = {isa = PBXFileReference; fileEncoding = 4; lastKnownFileType = sourcecode.swift; path = IAnimalFactory.swift; sourceTree = "<group>"; };
		E26092B327D9D907002074CA /* BasicAnimalFactory.swift */ = {isa = PBXFileReference; fileEncoding = 4; lastKnownFileType = sourcecode.swift; path = BasicAnimalFactory.swift; sourceTree = "<group>"; };
		E26092B427D9D907002074CA /* FactoryMethod.swift */ = {isa = PBXFileReference; fileEncoding = 4; lastKnownFileType = sourcecode.swift; path = FactoryMethod.swift; sourceTree = "<group>"; };
		E288E0C827D9D49B00F42E23 /* DesignPatternDemo.app */ = {isa = PBXFileReference; explicitFileType = wrapper.application; includeInIndex = 0; path = DesignPatternDemo.app; sourceTree = BUILT_PRODUCTS_DIR; };
		E288E0CB27D9D49B00F42E23 /* AppDelegate.swift */ = {isa = PBXFileReference; lastKnownFileType = sourcecode.swift; path = AppDelegate.swift; sourceTree = "<group>"; };
		E288E0CD27D9D49B00F42E23 /* SceneDelegate.swift */ = {isa = PBXFileReference; lastKnownFileType = sourcecode.swift; path = SceneDelegate.swift; sourceTree = "<group>"; };
		E288E0CF27D9D49B00F42E23 /* ViewController.swift */ = {isa = PBXFileReference; lastKnownFileType = sourcecode.swift; path = ViewController.swift; sourceTree = "<group>"; };
		E288E0D227D9D49B00F42E23 /* Base */ = {isa = PBXFileReference; lastKnownFileType = file.storyboard; name = Base; path = Base.lproj/Main.storyboard; sourceTree = "<group>"; };
		E288E0D427D9D49D00F42E23 /* Assets.xcassets */ = {isa = PBXFileReference; lastKnownFileType = folder.assetcatalog; path = Assets.xcassets; sourceTree = "<group>"; };
		E288E0D727D9D49D00F42E23 /* Base */ = {isa = PBXFileReference; lastKnownFileType = file.storyboard; name = Base; path = Base.lproj/LaunchScreen.storyboard; sourceTree = "<group>"; };
		E288E0D927D9D49D00F42E23 /* Info.plist */ = {isa = PBXFileReference; lastKnownFileType = text.plist.xml; path = Info.plist; sourceTree = "<group>"; };
		E288E0E227D9D4B300F42E23 /* Subject.swift */ = {isa = PBXFileReference; fileEncoding = 4; lastKnownFileType = sourcecode.swift; path = Subject.swift; sourceTree = "<group>"; };
		E288E0E327D9D4B300F42E23 /* IObserver.swift */ = {isa = PBXFileReference; fileEncoding = 4; lastKnownFileType = sourcecode.swift; path = IObserver.swift; sourceTree = "<group>"; };
		E288E0E427D9D4B300F42E23 /* StrategyPattern.swift */ = {isa = PBXFileReference; fileEncoding = 4; lastKnownFileType = sourcecode.swift; path = StrategyPattern.swift; sourceTree = "<group>"; };
		E296C63627DADA96008316FD /* Ishape.swift */ = {isa = PBXFileReference; lastKnownFileType = sourcecode.swift; path = Ishape.swift; sourceTree = "<group>"; };
		E296C63827DADABC008316FD /* LegacyRectangle.swift */ = {isa = PBXFileReference; lastKnownFileType = sourcecode.swift; path = LegacyRectangle.swift; sourceTree = "<group>"; };
		E296C63A27DADAF6008316FD /* LegacyLine.swift */ = {isa = PBXFileReference; lastKnownFileType = sourcecode.swift; path = LegacyLine.swift; sourceTree = "<group>"; };
		E296C63C27DADB15008316FD /* RectangleAdapter.swift */ = {isa = PBXFileReference; lastKnownFileType = sourcecode.swift; path = RectangleAdapter.swift; sourceTree = "<group>"; };
		E296C63E27DADB32008316FD /* LineAdapter.swift */ = {isa = PBXFileReference; lastKnownFileType = sourcecode.swift; path = LineAdapter.swift; sourceTree = "<group>"; };
		E296C64127DAE734008316FD /* EmailNotifier.swift */ = {isa = PBXFileReference; lastKnownFileType = sourcecode.swift; path = EmailNotifier.swift; sourceTree = "<group>"; };
		E296C64527DAEBBD008316FD /* FacebookNotifier.swift */ = {isa = PBXFileReference; lastKnownFileType = sourcecode.swift; path = FacebookNotifier.swift; sourceTree = "<group>"; };
		E296C64727DAECFC008316FD /* ObserverPattern.swift */ = {isa = PBXFileReference; lastKnownFileType = sourcecode.swift; path = ObserverPattern.swift; sourceTree = "<group>"; };
/* End PBXFileReference section */

/* Begin PBXFrameworksBuildPhase section */
		E288E0C527D9D49B00F42E23 /* Frameworks */ = {
			isa = PBXFrameworksBuildPhase;
			buildActionMask = 2147483647;
			files = (
			);
			runOnlyForDeploymentPostprocessing = 0;
		};
/* End PBXFrameworksBuildPhase section */

/* Begin PBXGroup section */
		E2016FEC27D9E68300C0A9F1 /* StrategyPattern */ = {
			isa = PBXGroup;
			children = (
				E288E0E427D9D4B300F42E23 /* StrategyPattern.swift */,
				E2016FED27D9E6A000C0A9F1 /* Ticket.swift */,
				E2016FEF27D9E6D900C0A9F1 /* QuarterDiscountStrategy.swift */,
				E2016FF127D9E71700C0A9F1 /* NoDiscountStrategy.swift */,
				E2016FF327D9E73E00C0A9F1 /* HalfDiscountStrategy.swift */,
				E2016FF527D9E75D00C0A9F1 /* IpromoteStrategy.swift */,
				E2016FF727D9E7A300C0A9F1 /* EightyDiscountStrategy.swift */,
			);
			path = StrategyPattern;
			sourceTree = "<group>";
		};
		E2016FF927D9EC9600C0A9F1 /* BuilderPattern */ = {
			isa = PBXGroup;
			children = (
				E2016FFE27D9EE8900C0A9F1 /* CarParts */,
				E2016FFA27D9ECFA00C0A9F1 /* BuilderPattern.swift */,
				E2016FFC27D9EDCE00C0A9F1 /* ICarBuilder.swift */,
				E201700527D9F0CE00C0A9F1 /* CarBuilder.swift */,
				E201700727D9F20400C0A9F1 /* Car.swift */,
			);
			path = BuilderPattern;
			sourceTree = "<group>";
		};
		E2016FFE27D9EE8900C0A9F1 /* CarParts */ = {
			isa = PBXGroup;
			children = (
				E2016FFF27D9EE9E00C0A9F1 /* Engine.swift */,
				E201700127D9EF2000C0A9F1 /* SeatBelt.swift */,
				E201700327D9EFA600C0A9F1 /* Windscreen.swift */,
			);
			path = CarParts;
			sourceTree = "<group>";
		};
		E201700927D9FADE00C0A9F1 /* SingletonPattern */ = {
			isa = PBXGroup;
			children = (
				E201700A27D9FB0200C0A9F1 /* ThanhSingleton.swift */,
			);
			path = SingletonPattern;
			sourceTree = "<group>";
		};
		E201700C27DA061D00C0A9F1 /* CommandPattern */ = {
			isa = PBXGroup;
			children = (
				E201700D27DA063800C0A9F1 /* ICommand.swift */,
				E201700F27DA067900C0A9F1 /* Remote.swift */,
				E201701527DA07E200C0A9F1 /* TurnOnCommand .swift */,
				E201701127DA06E500C0A9F1 /* TurnOffCommand.swift */,
				E201701327DA072B00C0A9F1 /* Fan.swift */,
				E201701727DA082700C0A9F1 /* CommandPattern.swift */,
			);
			path = CommandPattern;
			sourceTree = "<group>";
		};
		E24C6ADD27D9DC30005432D9 /* StructuralPatterns */ = {
			isa = PBXGroup;
			children = (
				E24C6ADE27D9DC30005432D9 /* DecoratorPattern */,
				E24C6AE827D9DC30005432D9 /* FacadePattern */,
				E24C6AEB27D9DC30005432D9 /* AdapterPattern */,
			);
			path = StructuralPatterns;
			sourceTree = "<group>";
		};
		E24C6ADE27D9DC30005432D9 /* DecoratorPattern */ = {
			isa = PBXGroup;
			children = (
				E24C6ADF27D9DC30005432D9 /* Bubble.swift */,
				E24C6AE027D9DC30005432D9 /* FruitPudding.swift */,
				E24C6AE127D9DC30005432D9 /* WhiteBubble.swift */,
				E24C6AE227D9DC30005432D9 /* BlackSugar.swift */,
				E24C6AE327D9DC30005432D9 /* EggPudding.swift */,
				E24C6AE427D9DC30005432D9 /* base */,
			);
			path = DecoratorPattern;
			sourceTree = "<group>";
		};
		E24C6AE427D9DC30005432D9 /* base */ = {
			isa = PBXGroup;
			children = (
				E24C6AE527D9DC30005432D9 /* MilkTeaDecorator.swift */,
				E24C6AE627D9DC30005432D9 /* IMilkTea.swift */,
				E24C6AE727D9DC30005432D9 /* MilkTea.swift */,
			);
			path = base;
			sourceTree = "<group>";
		};
		E24C6AE827D9DC30005432D9 /* FacadePattern */ = {
			isa = PBXGroup;
			children = (
				E24C6AEA27D9DC30005432D9 /* FacadePattern.swift */,
				E24C6AE927D9DC30005432D9 /* BankAccountFacade.swift */,
				E2016FE627D9E13200C0A9F1 /* CashManager.swift */,
				E2016FE827D9E2BA00C0A9F1 /* SecurityCodeChecker.swift */,
				E2016FEA27D9E36C00C0A9F1 /* AccountChecker.swift */,
			);
			path = FacadePattern;
			sourceTree = "<group>";
		};
		E24C6AEB27D9DC30005432D9 /* AdapterPattern */ = {
			isa = PBXGroup;
			children = (
				E24C6AEC27D9DC30005432D9 /* AdapterPattern.swift */,
				E296C63C27DADB15008316FD /* RectangleAdapter.swift */,
				E296C63E27DADB32008316FD /* LineAdapter.swift */,
				E296C63627DADA96008316FD /* Ishape.swift */,
				E296C63827DADABC008316FD /* LegacyRectangle.swift */,
				E296C63A27DADAF6008316FD /* LegacyLine.swift */,
			);
			path = AdapterPattern;
			sourceTree = "<group>";
		};
		E26092A227D9D907002074CA /* CreationalPatterns */ = {
			isa = PBXGroup;
			children = (
				E201700927D9FADE00C0A9F1 /* SingletonPattern */,
				E2016FF927D9EC9600C0A9F1 /* BuilderPattern */,
				E26092A327D9D907002074CA /* FactoryMethod */,
			);
			path = CreationalPatterns;
			sourceTree = "<group>";
		};
		E26092A327D9D907002074CA /* FactoryMethod */ = {
			isa = PBXGroup;
			children = (
				E26092B427D9D907002074CA /* FactoryMethod.swift */,
				E26092A427D9D907002074CA /* AbstractFactory */,
				E26092A827D9D907002074CA /* Animal */,
				E26092B027D9D907002074CA /* Factory */,
			);
			path = FactoryMethod;
			sourceTree = "<group>";
		};
		E26092A427D9D907002074CA /* AbstractFactory */ = {
			isa = PBXGroup;
			children = (
				E26092A527D9D907002074CA /* FourLegsAnimalFactory.swift */,
				E26092A627D9D907002074CA /* TwoLegsAnimalFactory.swift */,
				E26092A727D9D907002074CA /* AbstractAnimalFactory.swift */,
			);
			path = AbstractFactory;
			sourceTree = "<group>";
		};
		E26092A827D9D907002074CA /* Animal */ = {
			isa = PBXGroup;
			children = (
				E26092A927D9D907002074CA /* Dog.swift */,
				E26092AA27D9D907002074CA /* Chicken.swift */,
				E26092AB27D9D907002074CA /* IAnimal.swift */,
				E26092AC27D9D907002074CA /* Duck.swift */,
				E26092AD27D9D907002074CA /* Cat.swift */,
				E26092AE27D9D907002074CA /* FourLegsAnimal.swift */,
				E26092AF27D9D907002074CA /* TwoLegsAnimal.swift */,
			);
			path = Animal;
			sourceTree = "<group>";
		};
		E26092B027D9D907002074CA /* Factory */ = {
			isa = PBXGroup;
			children = (
				E26092B127D9D907002074CA /* RandomAnimalFactory.swift */,
				E26092B227D9D907002074CA /* IAnimalFactory.swift */,
				E26092B327D9D907002074CA /* BasicAnimalFactory.swift */,
			);
			path = Factory;
			sourceTree = "<group>";
		};
		E288E0BF27D9D49B00F42E23 = {
			isa = PBXGroup;
			children = (
				E288E0CA27D9D49B00F42E23 /* DesignPatternDemo */,
				E288E0C927D9D49B00F42E23 /* Products */,
			);
			sourceTree = "<group>";
		};
		E288E0C927D9D49B00F42E23 /* Products */ = {
			isa = PBXGroup;
			children = (
				E288E0C827D9D49B00F42E23 /* DesignPatternDemo.app */,
			);
			name = Products;
			sourceTree = "<group>";
		};
		E288E0CA27D9D49B00F42E23 /* DesignPatternDemo */ = {
			isa = PBXGroup;
			children = (
				E24C6ADD27D9DC30005432D9 /* StructuralPatterns */,
				E26092A227D9D907002074CA /* CreationalPatterns */,
				E288E0DF27D9D4B300F42E23 /* BehavioralPatterns */,
				E288E0CB27D9D49B00F42E23 /* AppDelegate.swift */,
				E288E0CD27D9D49B00F42E23 /* SceneDelegate.swift */,
				E288E0CF27D9D49B00F42E23 /* ViewController.swift */,
				E288E0D127D9D49B00F42E23 /* Main.storyboard */,
				E288E0D427D9D49D00F42E23 /* Assets.xcassets */,
				E288E0D627D9D49D00F42E23 /* LaunchScreen.storyboard */,
				E288E0D927D9D49D00F42E23 /* Info.plist */,
			);
			path = DesignPatternDemo;
			sourceTree = "<group>";
		};
		E288E0DF27D9D4B300F42E23 /* BehavioralPatterns */ = {
			isa = PBXGroup;
			children = (
				E201700C27DA061D00C0A9F1 /* CommandPattern */,
				E2016FEC27D9E68300C0A9F1 /* StrategyPattern */,
				E288E0E027D9D4B300F42E23 /* Observer */,
			);
			path = BehavioralPatterns;
			sourceTree = "<group>";
		};
		E288E0E027D9D4B300F42E23 /* Observer */ = {
			isa = PBXGroup;
			children = (
				E296C64727DAECFC008316FD /* ObserverPattern.swift */,
				E296C64027DAE70B008316FD /* Notifiers */,
				E288E0E127D9D4B300F42E23 /* base */,
			);
			path = Observer;
			sourceTree = "<group>";
		};
		E288E0E127D9D4B300F42E23 /* base */ = {
			isa = PBXGroup;
			children = (
				E288E0E227D9D4B300F42E23 /* Subject.swift */,
				E288E0E327D9D4B300F42E23 /* IObserver.swift */,
			);
			path = base;
			sourceTree = "<group>";
		};
		E296C64027DAE70B008316FD /* Notifiers */ = {
			isa = PBXGroup;
			children = (
				E296C64527DAEBBD008316FD /* FacebookNotifier.swift */,
				E296C64127DAE734008316FD /* EmailNotifier.swift */,
			);
			path = Notifiers;
			sourceTree = "<group>";
		};
/* End PBXGroup section */

/* Begin PBXNativeTarget section */
		E288E0C727D9D49B00F42E23 /* DesignPatternDemo */ = {
			isa = PBXNativeTarget;
			buildConfigurationList = E288E0DC27D9D49D00F42E23 /* Build configuration list for PBXNativeTarget "DesignPatternDemo" */;
			buildPhases = (
				E288E0C427D9D49B00F42E23 /* Sources */,
				E288E0C527D9D49B00F42E23 /* Frameworks */,
				E288E0C627D9D49B00F42E23 /* Resources */,
			);
			buildRules = (
			);
			dependencies = (
			);
			name = DesignPatternDemo;
			productName = DesignPatternDemo;
			productReference = E288E0C827D9D49B00F42E23 /* DesignPatternDemo.app */;
			productType = "com.apple.product-type.application";
		};
/* End PBXNativeTarget section */

/* Begin PBXProject section */
		E288E0C027D9D49B00F42E23 /* Project object */ = {
			isa = PBXProject;
			attributes = {
				BuildIndependentTargetsInParallel = 1;
				LastSwiftUpdateCheck = 1310;
				LastUpgradeCheck = 1310;
				TargetAttributes = {
					E288E0C727D9D49B00F42E23 = {
						CreatedOnToolsVersion = 13.1;
					};
				};
			};
			buildConfigurationList = E288E0C327D9D49B00F42E23 /* Build configuration list for PBXProject "DesignPatternDemo" */;
			compatibilityVersion = "Xcode 13.0";
			developmentRegion = en;
			hasScannedForEncodings = 0;
			knownRegions = (
				en,
				Base,
			);
			mainGroup = E288E0BF27D9D49B00F42E23;
			productRefGroup = E288E0C927D9D49B00F42E23 /* Products */;
			projectDirPath = "";
			projectRoot = "";
			targets = (
				E288E0C727D9D49B00F42E23 /* DesignPatternDemo */,
			);
		};
/* End PBXProject section */

/* Begin PBXResourcesBuildPhase section */
		E288E0C627D9D49B00F42E23 /* Resources */ = {
			isa = PBXResourcesBuildPhase;
			buildActionMask = 2147483647;
			files = (
				E288E0D827D9D49D00F42E23 /* LaunchScreen.storyboard in Resources */,
				E288E0D527D9D49D00F42E23 /* Assets.xcassets in Resources */,
				E288E0D327D9D49B00F42E23 /* Main.storyboard in Resources */,
			);
			runOnlyForDeploymentPostprocessing = 0;
		};
/* End PBXResourcesBuildPhase section */

/* Begin PBXSourcesBuildPhase section */
		E288E0C427D9D49B00F42E23 /* Sources */ = {
			isa = PBXSourcesBuildPhase;
			buildActionMask = 2147483647;
			files = (
				E24C6AF327D9DC30005432D9 /* IMilkTea.swift in Sources */,
				E296C63D27DADB15008316FD /* RectangleAdapter.swift in Sources */,
				E26092B627D9D907002074CA /* TwoLegsAnimalFactory.swift in Sources */,
				E26092C027D9D907002074CA /* IAnimalFactory.swift in Sources */,
				E24C6AF027D9DC30005432D9 /* BlackSugar.swift in Sources */,
				E24C6AF127D9DC30005432D9 /* EggPudding.swift in Sources */,
				E296C64827DAECFC008316FD /* ObserverPattern.swift in Sources */,
				E296C64227DAE734008316FD /* EmailNotifier.swift in Sources */,
				E2016FFB27D9ECFA00C0A9F1 /* BuilderPattern.swift in Sources */,
				E288E0E527D9D4B300F42E23 /* Subject.swift in Sources */,
				E2016FE727D9E13200C0A9F1 /* CashManager.swift in Sources */,
				E2016FF227D9E71700C0A9F1 /* NoDiscountStrategy.swift in Sources */,
				E201700427D9EFA600C0A9F1 /* Windscreen.swift in Sources */,
				E2016FF427D9E73E00C0A9F1 /* HalfDiscountStrategy.swift in Sources */,
				E201701027DA067900C0A9F1 /* Remote.swift in Sources */,
				E26092B927D9D907002074CA /* Chicken.swift in Sources */,
				E24C6AF427D9DC30005432D9 /* MilkTea.swift in Sources */,
				E201700E27DA063800C0A9F1 /* ICommand.swift in Sources */,
				E24C6AEE27D9DC30005432D9 /* FruitPudding.swift in Sources */,
				E24C6AF727D9DC30005432D9 /* AdapterPattern.swift in Sources */,
				E201701427DA072B00C0A9F1 /* Fan.swift in Sources */,
				E296C63927DADABC008316FD /* LegacyRectangle.swift in Sources */,
				E24C6AED27D9DC30005432D9 /* Bubble.swift in Sources */,
				E2016FF627D9E75D00C0A9F1 /* IpromoteStrategy.swift in Sources */,
				E201701627DA07E200C0A9F1 /* TurnOnCommand .swift in Sources */,
				E2016FEE27D9E6A000C0A9F1 /* Ticket.swift in Sources */,
				E288E0D027D9D49B00F42E23 /* ViewController.swift in Sources */,
				E26092B827D9D907002074CA /* Dog.swift in Sources */,
				E288E0CC27D9D49B00F42E23 /* AppDelegate.swift in Sources */,
				E201700B27D9FB0200C0A9F1 /* ThanhSingleton.swift in Sources */,
				E26092BA27D9D907002074CA /* IAnimal.swift in Sources */,
				E201700227D9EF2000C0A9F1 /* SeatBelt.swift in Sources */,
				E288E0CE27D9D49B00F42E23 /* SceneDelegate.swift in Sources */,
				E26092B727D9D907002074CA /* AbstractAnimalFactory.swift in Sources */,
				E288E0E727D9D4B300F42E23 /* StrategyPattern.swift in Sources */,
				E288E0E627D9D4B300F42E23 /* IObserver.swift in Sources */,
				E201700027D9EE9E00C0A9F1 /* Engine.swift in Sources */,
				E24C6AF627D9DC30005432D9 /* FacadePattern.swift in Sources */,
				E26092C227D9D907002074CA /* FactoryMethod.swift in Sources */,
				E26092BF27D9D907002074CA /* RandomAnimalFactory.swift in Sources */,
				E26092BE27D9D907002074CA /* TwoLegsAnimal.swift in Sources */,
				E296C63B27DADAF6008316FD /* LegacyLine.swift in Sources */,
				E24C6AF227D9DC30005432D9 /* MilkTeaDecorator.swift in Sources */,
				E2016FEB27D9E36C00C0A9F1 /* AccountChecker.swift in Sources */,
				E26092C127D9D907002074CA /* BasicAnimalFactory.swift in Sources */,
				E24C6AEF27D9DC30005432D9 /* WhiteBubble.swift in Sources */,
				E26092BD27D9D907002074CA /* FourLegsAnimal.swift in Sources */,
				E296C64627DAEBBD008316FD /* FacebookNotifier.swift in Sources */,
				E296C63F27DADB32008316FD /* LineAdapter.swift in Sources */,
				E2016FE927D9E2BA00C0A9F1 /* SecurityCodeChecker.swift in Sources */,
				E296C63727DADA96008316FD /* Ishape.swift in Sources */,
				E26092BB27D9D907002074CA /* Duck.swift in Sources */,
				E26092BC27D9D907002074CA /* Cat.swift in Sources */,
				E2016FFD27D9EDCE00C0A9F1 /* ICarBuilder.swift in Sources */,
				E2016FF027D9E6D900C0A9F1 /* QuarterDiscountStrategy.swift in Sources */,
				E201701227DA06E500C0A9F1 /* TurnOffCommand.swift in Sources */,
				E201700827D9F20400C0A9F1 /* Car.swift in Sources */,
				E2016FF827D9E7A300C0A9F1 /* EightyDiscountStrategy.swift in Sources */,
				E201701827DA082700C0A9F1 /* CommandPattern.swift in Sources */,
				E26092B527D9D907002074CA /* FourLegsAnimalFactory.swift in Sources */,
				E201700627D9F0CE00C0A9F1 /* CarBuilder.swift in Sources */,
				E24C6AF527D9DC30005432D9 /* BankAccountFacade.swift in Sources */,
			);
			runOnlyForDeploymentPostprocessing = 0;
		};
/* End PBXSourcesBuildPhase section */

/* Begin PBXVariantGroup section */
		E288E0D127D9D49B00F42E23 /* Main.storyboard */ = {
			isa = PBXVariantGroup;
			children = (
				E288E0D227D9D49B00F42E23 /* Base */,
			);
			name = Main.storyboard;
			sourceTree = "<group>";
		};
		E288E0D627D9D49D00F42E23 /* LaunchScreen.storyboard */ = {
			isa = PBXVariantGroup;
			children = (
				E288E0D727D9D49D00F42E23 /* Base */,
			);
			name = LaunchScreen.storyboard;
			sourceTree = "<group>";
		};
/* End PBXVariantGroup section */

/* Begin XCBuildConfiguration section */
		E288E0DA27D9D49D00F42E23 /* Debug */ = {
			isa = XCBuildConfiguration;
			buildSettings = {
				ALWAYS_SEARCH_USER_PATHS = NO;
				CLANG_ANALYZER_NONNULL = YES;
				CLANG_ANALYZER_NUMBER_OBJECT_CONVERSION = YES_AGGRESSIVE;
				CLANG_CXX_LANGUAGE_STANDARD = "gnu++17";
				CLANG_CXX_LIBRARY = "libc++";
				CLANG_ENABLE_MODULES = YES;
				CLANG_ENABLE_OBJC_ARC = YES;
				CLANG_ENABLE_OBJC_WEAK = YES;
				CLANG_WARN_BLOCK_CAPTURE_AUTORELEASING = YES;
				CLANG_WARN_BOOL_CONVERSION = YES;
				CLANG_WARN_COMMA = YES;
				CLANG_WARN_CONSTANT_CONVERSION = YES;
				CLANG_WARN_DEPRECATED_OBJC_IMPLEMENTATIONS = YES;
				CLANG_WARN_DIRECT_OBJC_ISA_USAGE = YES_ERROR;
				CLANG_WARN_DOCUMENTATION_COMMENTS = YES;
				CLANG_WARN_EMPTY_BODY = YES;
				CLANG_WARN_ENUM_CONVERSION = YES;
				CLANG_WARN_INFINITE_RECURSION = YES;
				CLANG_WARN_INT_CONVERSION = YES;
				CLANG_WARN_NON_LITERAL_NULL_CONVERSION = YES;
				CLANG_WARN_OBJC_IMPLICIT_RETAIN_SELF = YES;
				CLANG_WARN_OBJC_LITERAL_CONVERSION = YES;
				CLANG_WARN_OBJC_ROOT_CLASS = YES_ERROR;
				CLANG_WARN_QUOTED_INCLUDE_IN_FRAMEWORK_HEADER = YES;
				CLANG_WARN_RANGE_LOOP_ANALYSIS = YES;
				CLANG_WARN_STRICT_PROTOTYPES = YES;
				CLANG_WARN_SUSPICIOUS_MOVE = YES;
				CLANG_WARN_UNGUARDED_AVAILABILITY = YES_AGGRESSIVE;
				CLANG_WARN_UNREACHABLE_CODE = YES;
				CLANG_WARN__DUPLICATE_METHOD_MATCH = YES;
				COPY_PHASE_STRIP = NO;
				DEBUG_INFORMATION_FORMAT = dwarf;
				ENABLE_STRICT_OBJC_MSGSEND = YES;
				ENABLE_TESTABILITY = YES;
				GCC_C_LANGUAGE_STANDARD = gnu11;
				GCC_DYNAMIC_NO_PIC = NO;
				GCC_NO_COMMON_BLOCKS = YES;
				GCC_OPTIMIZATION_LEVEL = 0;
				GCC_PREPROCESSOR_DEFINITIONS = (
					"DEBUG=1",
					"$(inherited)",
				);
				GCC_WARN_64_TO_32_BIT_CONVERSION = YES;
				GCC_WARN_ABOUT_RETURN_TYPE = YES_ERROR;
				GCC_WARN_UNDECLARED_SELECTOR = YES;
				GCC_WARN_UNINITIALIZED_AUTOS = YES_AGGRESSIVE;
				GCC_WARN_UNUSED_FUNCTION = YES;
				GCC_WARN_UNUSED_VARIABLE = YES;
				IPHONEOS_DEPLOYMENT_TARGET = 15.0;
				MTL_ENABLE_DEBUG_INFO = INCLUDE_SOURCE;
				MTL_FAST_MATH = YES;
				ONLY_ACTIVE_ARCH = YES;
				SDKROOT = iphoneos;
				SWIFT_ACTIVE_COMPILATION_CONDITIONS = DEBUG;
				SWIFT_OPTIMIZATION_LEVEL = "-Onone";
			};
			name = Debug;
		};
		E288E0DB27D9D49D00F42E23 /* Release */ = {
			isa = XCBuildConfiguration;
			buildSettings = {
				ALWAYS_SEARCH_USER_PATHS = NO;
				CLANG_ANALYZER_NONNULL = YES;
				CLANG_ANALYZER_NUMBER_OBJECT_CONVERSION = YES_AGGRESSIVE;
				CLANG_CXX_LANGUAGE_STANDARD = "gnu++17";
				CLANG_CXX_LIBRARY = "libc++";
				CLANG_ENABLE_MODULES = YES;
				CLANG_ENABLE_OBJC_ARC = YES;
				CLANG_ENABLE_OBJC_WEAK = YES;
				CLANG_WARN_BLOCK_CAPTURE_AUTORELEASING = YES;
				CLANG_WARN_BOOL_CONVERSION = YES;
				CLANG_WARN_COMMA = YES;
				CLANG_WARN_CONSTANT_CONVERSION = YES;
				CLANG_WARN_DEPRECATED_OBJC_IMPLEMENTATIONS = YES;
				CLANG_WARN_DIRECT_OBJC_ISA_USAGE = YES_ERROR;
				CLANG_WARN_DOCUMENTATION_COMMENTS = YES;
				CLANG_WARN_EMPTY_BODY = YES;
				CLANG_WARN_ENUM_CONVERSION = YES;
				CLANG_WARN_INFINITE_RECURSION = YES;
				CLANG_WARN_INT_CONVERSION = YES;
				CLANG_WARN_NON_LITERAL_NULL_CONVERSION = YES;
				CLANG_WARN_OBJC_IMPLICIT_RETAIN_SELF = YES;
				CLANG_WARN_OBJC_LITERAL_CONVERSION = YES;
				CLANG_WARN_OBJC_ROOT_CLASS = YES_ERROR;
				CLANG_WARN_QUOTED_INCLUDE_IN_FRAMEWORK_HEADER = YES;
				CLANG_WARN_RANGE_LOOP_ANALYSIS = YES;
				CLANG_WARN_STRICT_PROTOTYPES = YES;
				CLANG_WARN_SUSPICIOUS_MOVE = YES;
				CLANG_WARN_UNGUARDED_AVAILABILITY = YES_AGGRESSIVE;
				CLANG_WARN_UNREACHABLE_CODE = YES;
				CLANG_WARN__DUPLICATE_METHOD_MATCH = YES;
				COPY_PHASE_STRIP = NO;
				DEBUG_INFORMATION_FORMAT = "dwarf-with-dsym";
				ENABLE_NS_ASSERTIONS = NO;
				ENABLE_STRICT_OBJC_MSGSEND = YES;
				GCC_C_LANGUAGE_STANDARD = gnu11;
				GCC_NO_COMMON_BLOCKS = YES;
				GCC_WARN_64_TO_32_BIT_CONVERSION = YES;
				GCC_WARN_ABOUT_RETURN_TYPE = YES_ERROR;
				GCC_WARN_UNDECLARED_SELECTOR = YES;
				GCC_WARN_UNINITIALIZED_AUTOS = YES_AGGRESSIVE;
				GCC_WARN_UNUSED_FUNCTION = YES;
				GCC_WARN_UNUSED_VARIABLE = YES;
				IPHONEOS_DEPLOYMENT_TARGET = 15.0;
				MTL_ENABLE_DEBUG_INFO = NO;
				MTL_FAST_MATH = YES;
				SDKROOT = iphoneos;
				SWIFT_COMPILATION_MODE = wholemodule;
				SWIFT_OPTIMIZATION_LEVEL = "-O";
				VALIDATE_PRODUCT = YES;
			};
			name = Release;
		};
		E288E0DD27D9D49D00F42E23 /* Debug */ = {
			isa = XCBuildConfiguration;
			buildSettings = {
				ASSETCATALOG_COMPILER_APPICON_NAME = AppIcon;
				ASSETCATALOG_COMPILER_GLOBAL_ACCENT_COLOR_NAME = AccentColor;
				CODE_SIGN_STYLE = Automatic;
				CURRENT_PROJECT_VERSION = 1;
				DEVELOPMENT_TEAM = 49LPZHKUL7;
				GENERATE_INFOPLIST_FILE = YES;
				INFOPLIST_FILE = DesignPatternDemo/Info.plist;
				INFOPLIST_KEY_UIApplicationSupportsIndirectInputEvents = YES;
				INFOPLIST_KEY_UILaunchStoryboardName = LaunchScreen;
				INFOPLIST_KEY_UIMainStoryboardFile = Main;
				INFOPLIST_KEY_UISupportedInterfaceOrientations_iPad = "UIInterfaceOrientationPortrait UIInterfaceOrientationPortraitUpsideDown UIInterfaceOrientationLandscapeLeft UIInterfaceOrientationLandscapeRight";
				INFOPLIST_KEY_UISupportedInterfaceOrientations_iPhone = "UIInterfaceOrientationPortrait UIInterfaceOrientationLandscapeLeft UIInterfaceOrientationLandscapeRight";
				LD_RUNPATH_SEARCH_PATHS = (
					"$(inherited)",
					"@executable_path/Frameworks",
				);
				MARKETING_VERSION = 1.0;
				PRODUCT_BUNDLE_IDENTIFIER = com.app.demothanh.DesignPatternDemo;
				PRODUCT_NAME = "$(TARGET_NAME)";
				SWIFT_EMIT_LOC_STRINGS = YES;
				SWIFT_VERSION = 5.0;
				TARGETED_DEVICE_FAMILY = "1,2";
			};
			name = Debug;
		};
		E288E0DE27D9D49D00F42E23 /* Release */ = {
			isa = XCBuildConfiguration;
			buildSettings = {
				ASSETCATALOG_COMPILER_APPICON_NAME = AppIcon;
				ASSETCATALOG_COMPILER_GLOBAL_ACCENT_COLOR_NAME = AccentColor;
				CODE_SIGN_STYLE = Automatic;
				CURRENT_PROJECT_VERSION = 1;
				DEVELOPMENT_TEAM = 49LPZHKUL7;
				GENERATE_INFOPLIST_FILE = YES;
				INFOPLIST_FILE = DesignPatternDemo/Info.plist;
				INFOPLIST_KEY_UIApplicationSupportsIndirectInputEvents = YES;
				INFOPLIST_KEY_UILaunchStoryboardName = LaunchScreen;
				INFOPLIST_KEY_UIMainStoryboardFile = Main;
				INFOPLIST_KEY_UISupportedInterfaceOrientations_iPad = "UIInterfaceOrientationPortrait UIInterfaceOrientationPortraitUpsideDown UIInterfaceOrientationLandscapeLeft UIInterfaceOrientationLandscapeRight";
				INFOPLIST_KEY_UISupportedInterfaceOrientations_iPhone = "UIInterfaceOrientationPortrait UIInterfaceOrientationLandscapeLeft UIInterfaceOrientationLandscapeRight";
				LD_RUNPATH_SEARCH_PATHS = (
					"$(inherited)",
					"@executable_path/Frameworks",
				);
				MARKETING_VERSION = 1.0;
				PRODUCT_BUNDLE_IDENTIFIER = com.app.demothanh.DesignPatternDemo;
				PRODUCT_NAME = "$(TARGET_NAME)";
				SWIFT_EMIT_LOC_STRINGS = YES;
				SWIFT_VERSION = 5.0;
				TARGETED_DEVICE_FAMILY = "1,2";
			};
			name = Release;
		};
/* End XCBuildConfiguration section */

/* Begin XCConfigurationList section */
		E288E0C327D9D49B00F42E23 /* Build configuration list for PBXProject "DesignPatternDemo" */ = {
			isa = XCConfigurationList;
			buildConfigurations = (
				E288E0DA27D9D49D00F42E23 /* Debug */,
				E288E0DB27D9D49D00F42E23 /* Release */,
			);
			defaultConfigurationIsVisible = 0;
			defaultConfigurationName = Release;
		};
		E288E0DC27D9D49D00F42E23 /* Build configuration list for PBXNativeTarget "DesignPatternDemo" */ = {
			isa = XCConfigurationList;
			buildConfigurations = (
				E288E0DD27D9D49D00F42E23 /* Debug */,
				E288E0DE27D9D49D00F42E23 /* Release */,
			);
			defaultConfigurationIsVisible = 0;
			defaultConfigurationName = Release;
		};
/* End XCConfigurationList section */
	};
	rootObject = E288E0C027D9D49B00F42E23 /* Project object */;
}
