// !$*UTF8*$!
{
	archiveVersion = 1;
	classes = {
	};
	objectVersion = 55;
	objects = {

/* Begin PBXBuildFile section */
		E26092A127D9D8DE002074CA /* AdapterPattern.swift in Sources */ = {isa = PBXBuildFile; fileRef = E26092A027D9D8DE002074CA /* AdapterPattern.swift */; };
		E26092B527D9D907002074CA /* FourLegsAnimalFactory.swift in Sources */ = {isa = PBXBuildFile; fileRef = E26092A527D9D907002074CA /* FourLegsAnimalFactory.swift */; };
		E26092B627D9D907002074CA /* TwoLegsAnimalFactory.swift in Sources */ = {isa = PBXBuildFile; fileRef = E26092A627D9D907002074CA /* TwoLegsAnimalFactory.swift */; };
		E26092B727D9D907002074CA /* AbstractAnimalFactory.swift in Sources */ = {isa = PBXBuildFile; fileRef = E26092A727D9D907002074CA /* AbstractAnimalFactory.swift */; };
		E26092B827D9D907002074CA /* Dog.swift in Sources */ = {isa = PBXBuildFile; fileRef = E26092A927D9D907002074CA /* Dog.swift */; };
		E26092B927D9D907002074CA /* Chicken.swift in Sources */ = {isa = PBXBuildFile; fileRef = E26092AA27D9D907002074CA /* Chicken.swift */; };
		E26092BA27D9D907002074CA /* IAnimal.swift in Sources */ = {isa = PBXBuildFile; fileRef = E26092AB27D9D907002074CA /* IAnimal.swift */; };
		E26092BB27D9D907002074CA /* Duck.swift in Sources */ = {isa = PBXBuildFile; fileRef = E26092AC27D9D907002074CA /* Duck.swift */; };
		E26092BC27D9D907002074CA /* Cat.swift in Sources */ = {isa = PBXBuildFile; fileRef = E26092AD27D9D907002074CA /* Cat.swift */; };
		E26092BD27D9D907002074CA /* FourLegsAnimal.swift in Sources */ = {isa = PBXBuildFile; fileRef = E26092AE27D9D907002074CA /* FourLegsAnimal.swift */; };
		E26092BE27D9D907002074CA /* TwoLegsAnimal.swift in Sources */ = {isa = PBXBuildFile; fileRef = E26092AF27D9D907002074CA /* TwoLegsAnimal.swift */; };
		E26092BF27D9D907002074CA /* RandomAnimalFactory.swift in Sources */ = {isa = PBXBuildFile; fileRef = E26092B127D9D907002074CA /* RandomAnimalFactory.swift */; };
		E26092C027D9D907002074CA /* IAnimalFactory.swift in Sources */ = {isa = PBXBuildFile; fileRef = E26092B227D9D907002074CA /* IAnimalFactory.swift */; };
		E26092C127D9D907002074CA /* BasicAnimalFactory.swift in Sources */ = {isa = PBXBuildFile; fileRef = E26092B327D9D907002074CA /* BasicAnimalFactory.swift */; };
		E26092C227D9D907002074CA /* factory.swift in Sources */ = {isa = PBXBuildFile; fileRef = E26092B427D9D907002074CA /* factory.swift */; };
		E288E0CC27D9D49B00F42E23 /* AppDelegate.swift in Sources */ = {isa = PBXBuildFile; fileRef = E288E0CB27D9D49B00F42E23 /* AppDelegate.swift */; };
		E288E0CE27D9D49B00F42E23 /* SceneDelegate.swift in Sources */ = {isa = PBXBuildFile; fileRef = E288E0CD27D9D49B00F42E23 /* SceneDelegate.swift */; };
		E288E0D027D9D49B00F42E23 /* ViewController.swift in Sources */ = {isa = PBXBuildFile; fileRef = E288E0CF27D9D49B00F42E23 /* ViewController.swift */; };
		E288E0D327D9D49B00F42E23 /* Main.storyboard in Resources */ = {isa = PBXBuildFile; fileRef = E288E0D127D9D49B00F42E23 /* Main.storyboard */; };
		E288E0D527D9D49D00F42E23 /* Assets.xcassets in Resources */ = {isa = PBXBuildFile; fileRef = E288E0D427D9D49D00F42E23 /* Assets.xcassets */; };
		E288E0D827D9D49D00F42E23 /* LaunchScreen.storyboard in Resources */ = {isa = PBXBuildFile; fileRef = E288E0D627D9D49D00F42E23 /* LaunchScreen.storyboard */; };
		E288E0E527D9D4B300F42E23 /* Subject.swift in Sources */ = {isa = PBXBuildFile; fileRef = E288E0E227D9D4B300F42E23 /* Subject.swift */; };
		E288E0E627D9D4B300F42E23 /* IObserver.swift in Sources */ = {isa = PBXBuildFile; fileRef = E288E0E327D9D4B300F42E23 /* IObserver.swift */; };
		E288E0E727D9D4B300F42E23 /* strategy.swift in Sources */ = {isa = PBXBuildFile; fileRef = E288E0E427D9D4B300F42E23 /* strategy.swift */; };
		E288E11127D9D4CC00F42E23 /* Bubble.swift in Sources */ = {isa = PBXBuildFile; fileRef = E288E10427D9D4CC00F42E23 /* Bubble.swift */; };
		E288E11227D9D4CC00F42E23 /* FruitPudding.swift in Sources */ = {isa = PBXBuildFile; fileRef = E288E10527D9D4CC00F42E23 /* FruitPudding.swift */; };
		E288E11327D9D4CC00F42E23 /* WhiteBubble.swift in Sources */ = {isa = PBXBuildFile; fileRef = E288E10627D9D4CC00F42E23 /* WhiteBubble.swift */; };
		E288E11427D9D4CC00F42E23 /* BlackSugar.swift in Sources */ = {isa = PBXBuildFile; fileRef = E288E10727D9D4CC00F42E23 /* BlackSugar.swift */; };
		E288E11527D9D4CC00F42E23 /* EggPudding.swift in Sources */ = {isa = PBXBuildFile; fileRef = E288E10827D9D4CC00F42E23 /* EggPudding.swift */; };
		E288E11627D9D4CC00F42E23 /* MilkTeaDecorator.swift in Sources */ = {isa = PBXBuildFile; fileRef = E288E10A27D9D4CC00F42E23 /* MilkTeaDecorator.swift */; };
		E288E11727D9D4CC00F42E23 /* IMilkTea.swift in Sources */ = {isa = PBXBuildFile; fileRef = E288E10B27D9D4CC00F42E23 /* IMilkTea.swift */; };
		E288E11827D9D4CC00F42E23 /* MilkTea.swift in Sources */ = {isa = PBXBuildFile; fileRef = E288E10C27D9D4CC00F42E23 /* MilkTea.swift */; };
		E288E11927D9D4CC00F42E23 /* BankAccountFacade.swift in Sources */ = {isa = PBXBuildFile; fileRef = E288E10E27D9D4CC00F42E23 /* BankAccountFacade.swift */; };
		E288E11A27D9D4CC00F42E23 /* FacadePattern.swift in Sources */ = {isa = PBXBuildFile; fileRef = E288E10F27D9D4CC00F42E23 /* FacadePattern.swift */; };
/* End PBXBuildFile section */

/* Begin PBXFileReference section */
		E26092A027D9D8DE002074CA /* AdapterPattern.swift */ = {isa = PBXFileReference; lastKnownFileType = sourcecode.swift; path = AdapterPattern.swift; sourceTree = "<group>"; };
		E26092A527D9D907002074CA /* FourLegsAnimalFactory.swift */ = {isa = PBXFileReference; fileEncoding = 4; lastKnownFileType = sourcecode.swift; path = FourLegsAnimalFactory.swift; sourceTree = "<group>"; };
		E26092A627D9D907002074CA /* TwoLegsAnimalFactory.swift */ = {isa = PBXFileReference; fileEncoding = 4; lastKnownFileType = sourcecode.swift; path = TwoLegsAnimalFactory.swift; sourceTree = "<group>"; };
		E26092A727D9D907002074CA /* AbstractAnimalFactory.swift */ = {isa = PBXFileReference; fileEncoding = 4; lastKnownFileType = sourcecode.swift; path = AbstractAnimalFactory.swift; sourceTree = "<group>"; };
		E26092A927D9D907002074CA /* Dog.swift */ = {isa = PBXFileReference; fileEncoding = 4; lastKnownFileType = sourcecode.swift; path = Dog.swift; sourceTree = "<group>"; };
		E26092AA27D9D907002074CA /* Chicken.swift */ = {isa = PBXFileReference; fileEncoding = 4; lastKnownFileType = sourcecode.swift; path = Chicken.swift; sourceTree = "<group>"; };
		E26092AB27D9D907002074CA /* IAnimal.swift */ = {isa = PBXFileReference; fileEncoding = 4; lastKnownFileType = sourcecode.swift; path = IAnimal.swift; sourceTree = "<group>"; };
		E26092AC27D9D907002074CA /* Duck.swift */ = {isa = PBXFileReference; fileEncoding = 4; lastKnownFileType = sourcecode.swift; path = Duck.swift; sourceTree = "<group>"; };
		E26092AD27D9D907002074CA /* Cat.swift */ = {isa = PBXFileReference; fileEncoding = 4; lastKnownFileType = sourcecode.swift; path = Cat.swift; sourceTree = "<group>"; };
		E26092AE27D9D907002074CA /* FourLegsAnimal.swift */ = {isa = PBXFileReference; fileEncoding = 4; lastKnownFileType = sourcecode.swift; path = FourLegsAnimal.swift; sourceTree = "<group>"; };
		E26092AF27D9D907002074CA /* TwoLegsAnimal.swift */ = {isa = PBXFileReference; fileEncoding = 4; lastKnownFileType = sourcecode.swift; path = TwoLegsAnimal.swift; sourceTree = "<group>"; };
		E26092B127D9D907002074CA /* RandomAnimalFactory.swift */ = {isa = PBXFileReference; fileEncoding = 4; lastKnownFileType = sourcecode.swift; path = RandomAnimalFactory.swift; sourceTree = "<group>"; };
		E26092B227D9D907002074CA /* IAnimalFactory.swift */ = {isa = PBXFileReference; fileEncoding = 4; lastKnownFileType = sourcecode.swift; path = IAnimalFactory.swift; sourceTree = "<group>"; };
		E26092B327D9D907002074CA /* BasicAnimalFactory.swift */ = {isa = PBXFileReference; fileEncoding = 4; lastKnownFileType = sourcecode.swift; path = BasicAnimalFactory.swift; sourceTree = "<group>"; };
		E26092B427D9D907002074CA /* factory.swift */ = {isa = PBXFileReference; fileEncoding = 4; lastKnownFileType = sourcecode.swift; path = factory.swift; sourceTree = "<group>"; };
		E288E0C827D9D49B00F42E23 /* DesignPatternDemo.app */ = {isa = PBXFileReference; explicitFileType = wrapper.application; includeInIndex = 0; path = DesignPatternDemo.app; sourceTree = BUILT_PRODUCTS_DIR; };
		E288E0CB27D9D49B00F42E23 /* AppDelegate.swift */ = {isa = PBXFileReference; lastKnownFileType = sourcecode.swift; path = AppDelegate.swift; sourceTree = "<group>"; };
		E288E0CD27D9D49B00F42E23 /* SceneDelegate.swift */ = {isa = PBXFileReference; lastKnownFileType = sourcecode.swift; path = SceneDelegate.swift; sourceTree = "<group>"; };
		E288E0CF27D9D49B00F42E23 /* ViewController.swift */ = {isa = PBXFileReference; lastKnownFileType = sourcecode.swift; path = ViewController.swift; sourceTree = "<group>"; };
		E288E0D227D9D49B00F42E23 /* Base */ = {isa = PBXFileReference; lastKnownFileType = file.storyboard; name = Base; path = Base.lproj/Main.storyboard; sourceTree = "<group>"; };
		E288E0D427D9D49D00F42E23 /* Assets.xcassets */ = {isa = PBXFileReference; lastKnownFileType = folder.assetcatalog; path = Assets.xcassets; sourceTree = "<group>"; };
		E288E0D727D9D49D00F42E23 /* Base */ = {isa = PBXFileReference; lastKnownFileType = file.storyboard; name = Base; path = Base.lproj/LaunchScreen.storyboard; sourceTree = "<group>"; };
		E288E0D927D9D49D00F42E23 /* Info.plist */ = {isa = PBXFileReference; lastKnownFileType = text.plist.xml; path = Info.plist; sourceTree = "<group>"; };
		E288E0E227D9D4B300F42E23 /* Subject.swift */ = {isa = PBXFileReference; fileEncoding = 4; lastKnownFileType = sourcecode.swift; path = Subject.swift; sourceTree = "<group>"; };
		E288E0E327D9D4B300F42E23 /* IObserver.swift */ = {isa = PBXFileReference; fileEncoding = 4; lastKnownFileType = sourcecode.swift; path = IObserver.swift; sourceTree = "<group>"; };
		E288E0E427D9D4B300F42E23 /* strategy.swift */ = {isa = PBXFileReference; fileEncoding = 4; lastKnownFileType = sourcecode.swift; path = strategy.swift; sourceTree = "<group>"; };
		E288E10427D9D4CC00F42E23 /* Bubble.swift */ = {isa = PBXFileReference; fileEncoding = 4; lastKnownFileType = sourcecode.swift; path = Bubble.swift; sourceTree = "<group>"; };
		E288E10527D9D4CC00F42E23 /* FruitPudding.swift */ = {isa = PBXFileReference; fileEncoding = 4; lastKnownFileType = sourcecode.swift; path = FruitPudding.swift; sourceTree = "<group>"; };
		E288E10627D9D4CC00F42E23 /* WhiteBubble.swift */ = {isa = PBXFileReference; fileEncoding = 4; lastKnownFileType = sourcecode.swift; path = WhiteBubble.swift; sourceTree = "<group>"; };
		E288E10727D9D4CC00F42E23 /* BlackSugar.swift */ = {isa = PBXFileReference; fileEncoding = 4; lastKnownFileType = sourcecode.swift; path = BlackSugar.swift; sourceTree = "<group>"; };
		E288E10827D9D4CC00F42E23 /* EggPudding.swift */ = {isa = PBXFileReference; fileEncoding = 4; lastKnownFileType = sourcecode.swift; path = EggPudding.swift; sourceTree = "<group>"; };
		E288E10A27D9D4CC00F42E23 /* MilkTeaDecorator.swift */ = {isa = PBXFileReference; fileEncoding = 4; lastKnownFileType = sourcecode.swift; path = MilkTeaDecorator.swift; sourceTree = "<group>"; };
		E288E10B27D9D4CC00F42E23 /* IMilkTea.swift */ = {isa = PBXFileReference; fileEncoding = 4; lastKnownFileType = sourcecode.swift; path = IMilkTea.swift; sourceTree = "<group>"; };
		E288E10C27D9D4CC00F42E23 /* MilkTea.swift */ = {isa = PBXFileReference; fileEncoding = 4; lastKnownFileType = sourcecode.swift; path = MilkTea.swift; sourceTree = "<group>"; };
		E288E10E27D9D4CC00F42E23 /* BankAccountFacade.swift */ = {isa = PBXFileReference; fileEncoding = 4; lastKnownFileType = sourcecode.swift; path = BankAccountFacade.swift; sourceTree = "<group>"; };
		E288E10F27D9D4CC00F42E23 /* FacadePattern.swift */ = {isa = PBXFileReference; fileEncoding = 4; lastKnownFileType = sourcecode.swift; path = FacadePattern.swift; sourceTree = "<group>"; };
/* End PBXFileReference section */

/* Begin PBXFrameworksBuildPhase section */
		E288E0C527D9D49B00F42E23 /* Frameworks */ = {
			isa = PBXFrameworksBuildPhase;
			buildActionMask = 2147483647;
			files = (
			);
			runOnlyForDeploymentPostprocessing = 0;
		};
/* End PBXFrameworksBuildPhase section */

/* Begin PBXGroup section */
		E260929F27D9D8BD002074CA /* AdapterPattern */ = {
			isa = PBXGroup;
			children = (
				E26092A027D9D8DE002074CA /* AdapterPattern.swift */,
			);
			path = AdapterPattern;
			sourceTree = "<group>";
		};
		E26092A227D9D907002074CA /* CreationalPatterns */ = {
			isa = PBXGroup;
			children = (
				E26092A327D9D907002074CA /* FactoryMethod */,
				E26092B427D9D907002074CA /* factory.swift */,
			);
			path = CreationalPatterns;
			sourceTree = "<group>";
		};
		E26092A327D9D907002074CA /* FactoryMethod */ = {
			isa = PBXGroup;
			children = (
				E26092A427D9D907002074CA /* AbstractFactory */,
				E26092A827D9D907002074CA /* Animal */,
				E26092B027D9D907002074CA /* Factory */,
			);
			path = FactoryMethod;
			sourceTree = "<group>";
		};
		E26092A427D9D907002074CA /* AbstractFactory */ = {
			isa = PBXGroup;
			children = (
				E26092A527D9D907002074CA /* FourLegsAnimalFactory.swift */,
				E26092A627D9D907002074CA /* TwoLegsAnimalFactory.swift */,
				E26092A727D9D907002074CA /* AbstractAnimalFactory.swift */,
			);
			path = AbstractFactory;
			sourceTree = "<group>";
		};
		E26092A827D9D907002074CA /* Animal */ = {
			isa = PBXGroup;
			children = (
				E26092A927D9D907002074CA /* Dog.swift */,
				E26092AA27D9D907002074CA /* Chicken.swift */,
				E26092AB27D9D907002074CA /* IAnimal.swift */,
				E26092AC27D9D907002074CA /* Duck.swift */,
				E26092AD27D9D907002074CA /* Cat.swift */,
				E26092AE27D9D907002074CA /* FourLegsAnimal.swift */,
				E26092AF27D9D907002074CA /* TwoLegsAnimal.swift */,
			);
			path = Animal;
			sourceTree = "<group>";
		};
		E26092B027D9D907002074CA /* Factory */ = {
			isa = PBXGroup;
			children = (
				E26092B127D9D907002074CA /* RandomAnimalFactory.swift */,
				E26092B227D9D907002074CA /* IAnimalFactory.swift */,
				E26092B327D9D907002074CA /* BasicAnimalFactory.swift */,
			);
			path = Factory;
			sourceTree = "<group>";
		};
		E288E0BF27D9D49B00F42E23 = {
			isa = PBXGroup;
			children = (
				E288E0CA27D9D49B00F42E23 /* DesignPatternDemo */,
				E288E0C927D9D49B00F42E23 /* Products */,
			);
			sourceTree = "<group>";
		};
		E288E0C927D9D49B00F42E23 /* Products */ = {
			isa = PBXGroup;
			children = (
				E288E0C827D9D49B00F42E23 /* DesignPatternDemo.app */,
			);
			name = Products;
			sourceTree = "<group>";
		};
		E288E0CA27D9D49B00F42E23 /* DesignPatternDemo */ = {
			isa = PBXGroup;
			children = (
				E26092A227D9D907002074CA /* CreationalPatterns */,
				E288E10227D9D4CC00F42E23 /* StructuralPatterns */,
				E288E0DF27D9D4B300F42E23 /* BehavioralPatterns */,
				E288E0CB27D9D49B00F42E23 /* AppDelegate.swift */,
				E288E0CD27D9D49B00F42E23 /* SceneDelegate.swift */,
				E288E0CF27D9D49B00F42E23 /* ViewController.swift */,
				E288E0D127D9D49B00F42E23 /* Main.storyboard */,
				E288E0D427D9D49D00F42E23 /* Assets.xcassets */,
				E288E0D627D9D49D00F42E23 /* LaunchScreen.storyboard */,
				E288E0D927D9D49D00F42E23 /* Info.plist */,
			);
			path = DesignPatternDemo;
			sourceTree = "<group>";
		};
		E288E0DF27D9D4B300F42E23 /* BehavioralPatterns */ = {
			isa = PBXGroup;
			children = (
				E288E0E027D9D4B300F42E23 /* Observer */,
				E288E0E427D9D4B300F42E23 /* strategy.swift */,
			);
			path = BehavioralPatterns;
			sourceTree = "<group>";
		};
		E288E0E027D9D4B300F42E23 /* Observer */ = {
			isa = PBXGroup;
			children = (
				E288E0E127D9D4B300F42E23 /* base */,
			);
			path = Observer;
			sourceTree = "<group>";
		};
		E288E0E127D9D4B300F42E23 /* base */ = {
			isa = PBXGroup;
			children = (
				E288E0E227D9D4B300F42E23 /* Subject.swift */,
				E288E0E327D9D4B300F42E23 /* IObserver.swift */,
			);
			path = base;
			sourceTree = "<group>";
		};
		E288E10227D9D4CC00F42E23 /* StructuralPatterns */ = {
			isa = PBXGroup;
			children = (
				E260929F27D9D8BD002074CA /* AdapterPattern */,
				E288E10327D9D4CC00F42E23 /* DecoratorPattern */,
				E288E10D27D9D4CC00F42E23 /* FacadePattern */,
			);
			name = StructuralPatterns;
			path = ../../demo/design_pattern/design_pattern/StructuralPatterns;
			sourceTree = "<group>";
		};
		E288E10327D9D4CC00F42E23 /* DecoratorPattern */ = {
			isa = PBXGroup;
			children = (
				E288E10427D9D4CC00F42E23 /* Bubble.swift */,
				E288E10527D9D4CC00F42E23 /* FruitPudding.swift */,
				E288E10627D9D4CC00F42E23 /* WhiteBubble.swift */,
				E288E10727D9D4CC00F42E23 /* BlackSugar.swift */,
				E288E10827D9D4CC00F42E23 /* EggPudding.swift */,
				E288E10927D9D4CC00F42E23 /* base */,
			);
			path = DecoratorPattern;
			sourceTree = "<group>";
		};
		E288E10927D9D4CC00F42E23 /* base */ = {
			isa = PBXGroup;
			children = (
				E288E10A27D9D4CC00F42E23 /* MilkTeaDecorator.swift */,
				E288E10B27D9D4CC00F42E23 /* IMilkTea.swift */,
				E288E10C27D9D4CC00F42E23 /* MilkTea.swift */,
			);
			path = base;
			sourceTree = "<group>";
		};
		E288E10D27D9D4CC00F42E23 /* FacadePattern */ = {
			isa = PBXGroup;
			children = (
				E288E10E27D9D4CC00F42E23 /* BankAccountFacade.swift */,
				E288E10F27D9D4CC00F42E23 /* FacadePattern.swift */,
			);
			path = FacadePattern;
			sourceTree = "<group>";
		};
/* End PBXGroup section */

/* Begin PBXNativeTarget section */
		E288E0C727D9D49B00F42E23 /* DesignPatternDemo */ = {
			isa = PBXNativeTarget;
			buildConfigurationList = E288E0DC27D9D49D00F42E23 /* Build configuration list for PBXNativeTarget "DesignPatternDemo" */;
			buildPhases = (
				E288E0C427D9D49B00F42E23 /* Sources */,
				E288E0C527D9D49B00F42E23 /* Frameworks */,
				E288E0C627D9D49B00F42E23 /* Resources */,
			);
			buildRules = (
			);
			dependencies = (
			);
			name = DesignPatternDemo;
			productName = DesignPatternDemo;
			productReference = E288E0C827D9D49B00F42E23 /* DesignPatternDemo.app */;
			productType = "com.apple.product-type.application";
		};
/* End PBXNativeTarget section */

/* Begin PBXProject section */
		E288E0C027D9D49B00F42E23 /* Project object */ = {
			isa = PBXProject;
			attributes = {
				BuildIndependentTargetsInParallel = 1;
				LastSwiftUpdateCheck = 1310;
				LastUpgradeCheck = 1310;
				TargetAttributes = {
					E288E0C727D9D49B00F42E23 = {
						CreatedOnToolsVersion = 13.1;
					};
				};
			};
			buildConfigurationList = E288E0C327D9D49B00F42E23 /* Build configuration list for PBXProject "DesignPatternDemo" */;
			compatibilityVersion = "Xcode 13.0";
			developmentRegion = en;
			hasScannedForEncodings = 0;
			knownRegions = (
				en,
				Base,
			);
			mainGroup = E288E0BF27D9D49B00F42E23;
			productRefGroup = E288E0C927D9D49B00F42E23 /* Products */;
			projectDirPath = "";
			projectRoot = "";
			targets = (
				E288E0C727D9D49B00F42E23 /* DesignPatternDemo */,
			);
		};
/* End PBXProject section */

/* Begin PBXResourcesBuildPhase section */
		E288E0C627D9D49B00F42E23 /* Resources */ = {
			isa = PBXResourcesBuildPhase;
			buildActionMask = 2147483647;
			files = (
				E288E0D827D9D49D00F42E23 /* LaunchScreen.storyboard in Resources */,
				E288E0D527D9D49D00F42E23 /* Assets.xcassets in Resources */,
				E288E0D327D9D49B00F42E23 /* Main.storyboard in Resources */,
			);
			runOnlyForDeploymentPostprocessing = 0;
		};
/* End PBXResourcesBuildPhase section */

/* Begin PBXSourcesBuildPhase section */
		E288E0C427D9D49B00F42E23 /* Sources */ = {
			isa = PBXSourcesBuildPhase;
			buildActionMask = 2147483647;
			files = (
				E26092B627D9D907002074CA /* TwoLegsAnimalFactory.swift in Sources */,
				E26092C027D9D907002074CA /* IAnimalFactory.swift in Sources */,
				E288E11127D9D4CC00F42E23 /* Bubble.swift in Sources */,
				E288E0E527D9D4B300F42E23 /* Subject.swift in Sources */,
				E26092B927D9D907002074CA /* Chicken.swift in Sources */,
				E288E0D027D9D49B00F42E23 /* ViewController.swift in Sources */,
				E288E11327D9D4CC00F42E23 /* WhiteBubble.swift in Sources */,
				E288E11A27D9D4CC00F42E23 /* FacadePattern.swift in Sources */,
				E288E11627D9D4CC00F42E23 /* MilkTeaDecorator.swift in Sources */,
				E288E11927D9D4CC00F42E23 /* BankAccountFacade.swift in Sources */,
				E26092B827D9D907002074CA /* Dog.swift in Sources */,
				E26092A127D9D8DE002074CA /* AdapterPattern.swift in Sources */,
				E288E0CC27D9D49B00F42E23 /* AppDelegate.swift in Sources */,
				E26092BA27D9D907002074CA /* IAnimal.swift in Sources */,
				E288E0CE27D9D49B00F42E23 /* SceneDelegate.swift in Sources */,
				E288E11727D9D4CC00F42E23 /* IMilkTea.swift in Sources */,
				E26092B727D9D907002074CA /* AbstractAnimalFactory.swift in Sources */,
				E288E11427D9D4CC00F42E23 /* BlackSugar.swift in Sources */,
				E288E0E727D9D4B300F42E23 /* strategy.swift in Sources */,
				E288E0E627D9D4B300F42E23 /* IObserver.swift in Sources */,
				E26092C227D9D907002074CA /* factory.swift in Sources */,
				E26092BF27D9D907002074CA /* RandomAnimalFactory.swift in Sources */,
				E288E11227D9D4CC00F42E23 /* FruitPudding.swift in Sources */,
				E26092BE27D9D907002074CA /* TwoLegsAnimal.swift in Sources */,
				E26092C127D9D907002074CA /* BasicAnimalFactory.swift in Sources */,
				E26092BD27D9D907002074CA /* FourLegsAnimal.swift in Sources */,
				E26092BB27D9D907002074CA /* Duck.swift in Sources */,
				E288E11827D9D4CC00F42E23 /* MilkTea.swift in Sources */,
				E26092BC27D9D907002074CA /* Cat.swift in Sources */,
				E288E11527D9D4CC00F42E23 /* EggPudding.swift in Sources */,
				E26092B527D9D907002074CA /* FourLegsAnimalFactory.swift in Sources */,
			);
			runOnlyForDeploymentPostprocessing = 0;
		};
/* End PBXSourcesBuildPhase section */

/* Begin PBXVariantGroup section */
		E288E0D127D9D49B00F42E23 /* Main.storyboard */ = {
			isa = PBXVariantGroup;
			children = (
				E288E0D227D9D49B00F42E23 /* Base */,
			);
			name = Main.storyboard;
			sourceTree = "<group>";
		};
		E288E0D627D9D49D00F42E23 /* LaunchScreen.storyboard */ = {
			isa = PBXVariantGroup;
			children = (
				E288E0D727D9D49D00F42E23 /* Base */,
			);
			name = LaunchScreen.storyboard;
			sourceTree = "<group>";
		};
/* End PBXVariantGroup section */

/* Begin XCBuildConfiguration section */
		E288E0DA27D9D49D00F42E23 /* Debug */ = {
			isa = XCBuildConfiguration;
			buildSettings = {
				ALWAYS_SEARCH_USER_PATHS = NO;
				CLANG_ANALYZER_NONNULL = YES;
				CLANG_ANALYZER_NUMBER_OBJECT_CONVERSION = YES_AGGRESSIVE;
				CLANG_CXX_LANGUAGE_STANDARD = "gnu++17";
				CLANG_CXX_LIBRARY = "libc++";
				CLANG_ENABLE_MODULES = YES;
				CLANG_ENABLE_OBJC_ARC = YES;
				CLANG_ENABLE_OBJC_WEAK = YES;
				CLANG_WARN_BLOCK_CAPTURE_AUTORELEASING = YES;
				CLANG_WARN_BOOL_CONVERSION = YES;
				CLANG_WARN_COMMA = YES;
				CLANG_WARN_CONSTANT_CONVERSION = YES;
				CLANG_WARN_DEPRECATED_OBJC_IMPLEMENTATIONS = YES;
				CLANG_WARN_DIRECT_OBJC_ISA_USAGE = YES_ERROR;
				CLANG_WARN_DOCUMENTATION_COMMENTS = YES;
				CLANG_WARN_EMPTY_BODY = YES;
				CLANG_WARN_ENUM_CONVERSION = YES;
				CLANG_WARN_INFINITE_RECURSION = YES;
				CLANG_WARN_INT_CONVERSION = YES;
				CLANG_WARN_NON_LITERAL_NULL_CONVERSION = YES;
				CLANG_WARN_OBJC_IMPLICIT_RETAIN_SELF = YES;
				CLANG_WARN_OBJC_LITERAL_CONVERSION = YES;
				CLANG_WARN_OBJC_ROOT_CLASS = YES_ERROR;
				CLANG_WARN_QUOTED_INCLUDE_IN_FRAMEWORK_HEADER = YES;
				CLANG_WARN_RANGE_LOOP_ANALYSIS = YES;
				CLANG_WARN_STRICT_PROTOTYPES = YES;
				CLANG_WARN_SUSPICIOUS_MOVE = YES;
				CLANG_WARN_UNGUARDED_AVAILABILITY = YES_AGGRESSIVE;
				CLANG_WARN_UNREACHABLE_CODE = YES;
				CLANG_WARN__DUPLICATE_METHOD_MATCH = YES;
				COPY_PHASE_STRIP = NO;
				DEBUG_INFORMATION_FORMAT = dwarf;
				ENABLE_STRICT_OBJC_MSGSEND = YES;
				ENABLE_TESTABILITY = YES;
				GCC_C_LANGUAGE_STANDARD = gnu11;
				GCC_DYNAMIC_NO_PIC = NO;
				GCC_NO_COMMON_BLOCKS = YES;
				GCC_OPTIMIZATION_LEVEL = 0;
				GCC_PREPROCESSOR_DEFINITIONS = (
					"DEBUG=1",
					"$(inherited)",
				);
				GCC_WARN_64_TO_32_BIT_CONVERSION = YES;
				GCC_WARN_ABOUT_RETURN_TYPE = YES_ERROR;
				GCC_WARN_UNDECLARED_SELECTOR = YES;
				GCC_WARN_UNINITIALIZED_AUTOS = YES_AGGRESSIVE;
				GCC_WARN_UNUSED_FUNCTION = YES;
				GCC_WARN_UNUSED_VARIABLE = YES;
				IPHONEOS_DEPLOYMENT_TARGET = 15.0;
				MTL_ENABLE_DEBUG_INFO = INCLUDE_SOURCE;
				MTL_FAST_MATH = YES;
				ONLY_ACTIVE_ARCH = YES;
				SDKROOT = iphoneos;
				SWIFT_ACTIVE_COMPILATION_CONDITIONS = DEBUG;
				SWIFT_OPTIMIZATION_LEVEL = "-Onone";
			};
			name = Debug;
		};
		E288E0DB27D9D49D00F42E23 /* Release */ = {
			isa = XCBuildConfiguration;
			buildSettings = {
				ALWAYS_SEARCH_USER_PATHS = NO;
				CLANG_ANALYZER_NONNULL = YES;
				CLANG_ANALYZER_NUMBER_OBJECT_CONVERSION = YES_AGGRESSIVE;
				CLANG_CXX_LANGUAGE_STANDARD = "gnu++17";
				CLANG_CXX_LIBRARY = "libc++";
				CLANG_ENABLE_MODULES = YES;
				CLANG_ENABLE_OBJC_ARC = YES;
				CLANG_ENABLE_OBJC_WEAK = YES;
				CLANG_WARN_BLOCK_CAPTURE_AUTORELEASING = YES;
				CLANG_WARN_BOOL_CONVERSION = YES;
				CLANG_WARN_COMMA = YES;
				CLANG_WARN_CONSTANT_CONVERSION = YES;
				CLANG_WARN_DEPRECATED_OBJC_IMPLEMENTATIONS = YES;
				CLANG_WARN_DIRECT_OBJC_ISA_USAGE = YES_ERROR;
				CLANG_WARN_DOCUMENTATION_COMMENTS = YES;
				CLANG_WARN_EMPTY_BODY = YES;
				CLANG_WARN_ENUM_CONVERSION = YES;
				CLANG_WARN_INFINITE_RECURSION = YES;
				CLANG_WARN_INT_CONVERSION = YES;
				CLANG_WARN_NON_LITERAL_NULL_CONVERSION = YES;
				CLANG_WARN_OBJC_IMPLICIT_RETAIN_SELF = YES;
				CLANG_WARN_OBJC_LITERAL_CONVERSION = YES;
				CLANG_WARN_OBJC_ROOT_CLASS = YES_ERROR;
				CLANG_WARN_QUOTED_INCLUDE_IN_FRAMEWORK_HEADER = YES;
				CLANG_WARN_RANGE_LOOP_ANALYSIS = YES;
				CLANG_WARN_STRICT_PROTOTYPES = YES;
				CLANG_WARN_SUSPICIOUS_MOVE = YES;
				CLANG_WARN_UNGUARDED_AVAILABILITY = YES_AGGRESSIVE;
				CLANG_WARN_UNREACHABLE_CODE = YES;
				CLANG_WARN__DUPLICATE_METHOD_MATCH = YES;
				COPY_PHASE_STRIP = NO;
				DEBUG_INFORMATION_FORMAT = "dwarf-with-dsym";
				ENABLE_NS_ASSERTIONS = NO;
				ENABLE_STRICT_OBJC_MSGSEND = YES;
				GCC_C_LANGUAGE_STANDARD = gnu11;
				GCC_NO_COMMON_BLOCKS = YES;
				GCC_WARN_64_TO_32_BIT_CONVERSION = YES;
				GCC_WARN_ABOUT_RETURN_TYPE = YES_ERROR;
				GCC_WARN_UNDECLARED_SELECTOR = YES;
				GCC_WARN_UNINITIALIZED_AUTOS = YES_AGGRESSIVE;
				GCC_WARN_UNUSED_FUNCTION = YES;
				GCC_WARN_UNUSED_VARIABLE = YES;
				IPHONEOS_DEPLOYMENT_TARGET = 15.0;
				MTL_ENABLE_DEBUG_INFO = NO;
				MTL_FAST_MATH = YES;
				SDKROOT = iphoneos;
				SWIFT_COMPILATION_MODE = wholemodule;
				SWIFT_OPTIMIZATION_LEVEL = "-O";
				VALIDATE_PRODUCT = YES;
			};
			name = Release;
		};
		E288E0DD27D9D49D00F42E23 /* Debug */ = {
			isa = XCBuildConfiguration;
			buildSettings = {
				ASSETCATALOG_COMPILER_APPICON_NAME = AppIcon;
				ASSETCATALOG_COMPILER_GLOBAL_ACCENT_COLOR_NAME = AccentColor;
				CODE_SIGN_STYLE = Automatic;
				CURRENT_PROJECT_VERSION = 1;
				DEVELOPMENT_TEAM = 49LPZHKUL7;
				GENERATE_INFOPLIST_FILE = YES;
				INFOPLIST_FILE = DesignPatternDemo/Info.plist;
				INFOPLIST_KEY_UIApplicationSupportsIndirectInputEvents = YES;
				INFOPLIST_KEY_UILaunchStoryboardName = LaunchScreen;
				INFOPLIST_KEY_UIMainStoryboardFile = Main;
				INFOPLIST_KEY_UISupportedInterfaceOrientations_iPad = "UIInterfaceOrientationPortrait UIInterfaceOrientationPortraitUpsideDown UIInterfaceOrientationLandscapeLeft UIInterfaceOrientationLandscapeRight";
				INFOPLIST_KEY_UISupportedInterfaceOrientations_iPhone = "UIInterfaceOrientationPortrait UIInterfaceOrientationLandscapeLeft UIInterfaceOrientationLandscapeRight";
				LD_RUNPATH_SEARCH_PATHS = (
					"$(inherited)",
					"@executable_path/Frameworks",
				);
				MARKETING_VERSION = 1.0;
				PRODUCT_BUNDLE_IDENTIFIER = com.app.demothanh.DesignPatternDemo;
				PRODUCT_NAME = "$(TARGET_NAME)";
				SWIFT_EMIT_LOC_STRINGS = YES;
				SWIFT_VERSION = 5.0;
				TARGETED_DEVICE_FAMILY = "1,2";
			};
			name = Debug;
		};
		E288E0DE27D9D49D00F42E23 /* Release */ = {
			isa = XCBuildConfiguration;
			buildSettings = {
				ASSETCATALOG_COMPILER_APPICON_NAME = AppIcon;
				ASSETCATALOG_COMPILER_GLOBAL_ACCENT_COLOR_NAME = AccentColor;
				CODE_SIGN_STYLE = Automatic;
				CURRENT_PROJECT_VERSION = 1;
				DEVELOPMENT_TEAM = 49LPZHKUL7;
				GENERATE_INFOPLIST_FILE = YES;
				INFOPLIST_FILE = DesignPatternDemo/Info.plist;
				INFOPLIST_KEY_UIApplicationSupportsIndirectInputEvents = YES;
				INFOPLIST_KEY_UILaunchStoryboardName = LaunchScreen;
				INFOPLIST_KEY_UIMainStoryboardFile = Main;
				INFOPLIST_KEY_UISupportedInterfaceOrientations_iPad = "UIInterfaceOrientationPortrait UIInterfaceOrientationPortraitUpsideDown UIInterfaceOrientationLandscapeLeft UIInterfaceOrientationLandscapeRight";
				INFOPLIST_KEY_UISupportedInterfaceOrientations_iPhone = "UIInterfaceOrientationPortrait UIInterfaceOrientationLandscapeLeft UIInterfaceOrientationLandscapeRight";
				LD_RUNPATH_SEARCH_PATHS = (
					"$(inherited)",
					"@executable_path/Frameworks",
				);
				MARKETING_VERSION = 1.0;
				PRODUCT_BUNDLE_IDENTIFIER = com.app.demothanh.DesignPatternDemo;
				PRODUCT_NAME = "$(TARGET_NAME)";
				SWIFT_EMIT_LOC_STRINGS = YES;
				SWIFT_VERSION = 5.0;
				TARGETED_DEVICE_FAMILY = "1,2";
			};
			name = Release;
		};
/* End XCBuildConfiguration section */

/* Begin XCConfigurationList section */
		E288E0C327D9D49B00F42E23 /* Build configuration list for PBXProject "DesignPatternDemo" */ = {
			isa = XCConfigurationList;
			buildConfigurations = (
				E288E0DA27D9D49D00F42E23 /* Debug */,
				E288E0DB27D9D49D00F42E23 /* Release */,
			);
			defaultConfigurationIsVisible = 0;
			defaultConfigurationName = Release;
		};
		E288E0DC27D9D49D00F42E23 /* Build configuration list for PBXNativeTarget "DesignPatternDemo" */ = {
			isa = XCConfigurationList;
			buildConfigurations = (
				E288E0DD27D9D49D00F42E23 /* Debug */,
				E288E0DE27D9D49D00F42E23 /* Release */,
			);
			defaultConfigurationIsVisible = 0;
			defaultConfigurationName = Release;
		};
/* End XCConfigurationList section */
	};
	rootObject = E288E0C027D9D49B00F42E23 /* Project object */;
}
